{
  "name": "twitter-bot-v2",
  "version": "1.0.0",
  "lockfileVersion": 2,
  "requires": true,
  "packages": {
    "": {
      "version": "1.0.0",
      "license": "ISC",
      "dependencies": {
        "dotenv": "^16.0.3",
        "twitter-api-v2": "^1.12.10"
      }
    },
    "node_modules/dotenv": {
      "version": "16.0.3",
      "resolved": "https://registry.npmjs.org/dotenv/-/dotenv-16.0.3.tgz",
      "integrity": "sha512-7GO6HghkA5fYG9TYnNxi14/7K9f5occMlp3zXAuSxn7CKCxt9xbNWG7yF8hTCSUchlfWSe3uLmlPfigevRItzQ==",
      "engines": {
        "node": ">=12"
      }
    },
    "node_modules/twitter-api-v2": {
      "version": "1.12.10",
      "resolved": "https://registry.npmjs.org/twitter-api-v2/-/twitter-api-v2-1.12.10.tgz",
      "integrity": "sha512-gLo4u3EZM8zt2CRZ5uJaWpGVoH1/xR0veF74E3K7WCQXUONoZVc0pbg6dGfoPBOmEXhS4QHGcgAMj1TRU+OSXA=="
    }
  },
  "dependencies": {
    "dotenv": {
      "version": "16.0.3",
      "resolved": "https://registry.npmjs.org/dotenv/-/dotenv-16.0.3.tgz",
      "integrity": "sha512-7GO6HghkA5fYG9TYnNxi14/7K9f5occMlp3zXAuSxn7CKCxt9xbNWG7yF8hTCSUchlfWSe3uLmlPfigevRItzQ=="
    },
    "twitter-api-v2": {
      "version": "1.12.10",
      "resolved": "https://registry.npmjs.org/twitter-api-v2/-/twitter-api-v2-1.12.10.tgz",
      "integrity": "sha512-gLo4u3EZM8zt2CRZ5uJaWpGVoH1/xR0veF74E3K7WCQXUONoZVc0pbg6dGfoPBOmEXhS4QHGcgAMj1TRU+OSXA=="
    }
  }
}
